
Microsoft Visual Studio Solution File, Format Version 12.00
# Visual Studio 15
VisualStudioVersion = 15.0.28010.2026
MinimumVisualStudioVersion = 10.0.40219.1
Project("{9A19103F-16F7-4668-BE54-9A1E7A4F7556}") = "MutitenantMSAL", "MutitenantMSAL\MutitenantMSAL.csproj", "{A978FB8F-D4EE-44C3-A9EE-AE5A4D20A174}"
EndProject
Project("{9A19103F-16F7-4668-BE54-9A1E7A4F7556}") = "MultiTenantAddAzureAD", "MultitenantAzureAD\MultiTenantAddAzureAD.csproj", "{B1527A5D-B9A0-4122-9786-61EA47060C82}"
EndProject
Global
	GlobalSection(SolutionConfigurationPlatforms) = preSolution
		Debug|Any CPU = Debug|Any CPU
		Release|Any CPU = Release|Any CPU
	EndGlobalSection
	GlobalSection(ProjectConfigurationPlatforms) = postSolution
		{A978FB8F-D4EE-44C3-A9EE-AE5A4D20A174}.Debug|Any CPU.ActiveCfg = Debug|Any CPU
		{A978FB8F-D4EE-44C3-A9EE-AE5A4D20A174}.Debug|Any CPU.Build.0 = Debug|Any CPU
		{A978FB8F-D4EE-44C3-A9EE-AE5A4D20A174}.Release|Any CPU.ActiveCfg = Release|Any CPU
		{A978FB8F-D4EE-44C3-A9EE-AE5A4D20A174}.Release|Any CPU.Build.0 = Release|Any CPU
		{B1527A5D-B9A0-4122-9786-61EA47060C82}.Debug|Any CPU.ActiveCfg = Debug|Any CPU
		{B1527A5D-B9A0-4122-9786-61EA47060C82}.Debug|Any CPU.Build.0 = Debug|Any CPU
		{B1527A5D-B9A0-4122-9786-61EA47060C82}.Release|Any CPU.ActiveCfg = Release|Any CPU
		{B1527A5D-B9A0-4122-9786-61EA47060C82}.Release|Any CPU.Build.0 = Release|Any CPU
	EndGlobalSection
	GlobalSection(SolutionProperties) = preSolution
		HideSolutionNode = FALSE
	EndGlobalSection
	GlobalSection(ExtensibilityGlobals) = postSolution
		SolutionGuid = {690D1C46-1F0C-437B-B2BA-76125B9F427B}
	EndGlobalSection
EndGlobal
