
Microsoft Visual Studio Solution File, Format Version 12.00
# Visual Studio Version 17
VisualStudioVersion = 17.0.32112.339
MinimumVisualStudioVersion = 10.0.40219.1
Project("{FAE04EC0-301F-11D3-BF4B-00C04F79EFBC}") = "DiContainer", "DiContainer\DiContainer.csproj", "{F1E36056-9711-4DD5-8EE0-8E06C46ED131}"
EndProject
Global
	GlobalSection(SolutionConfigurationPlatforms) = preSolution
		Debug|Any CPU = Debug|Any CPU
		Release|Any CPU = Release|Any CPU
	EndGlobalSection
	GlobalSection(ProjectConfigurationPlatforms) = postSolution
		{F1E36056-9711-4DD5-8EE0-8E06C46ED131}.Debug|Any CPU.ActiveCfg = Debug|Any CPU
		{F1E36056-9711-4DD5-8EE0-8E06C46ED131}.Debug|Any CPU.Build.0 = Debug|Any CPU
		{F1E36056-9711-4DD5-8EE0-8E06C46ED131}.Release|Any CPU.ActiveCfg = Release|Any CPU
		{F1E36056-9711-4DD5-8EE0-8E06C46ED131}.Release|Any CPU.Build.0 = Release|Any CPU
	EndGlobalSection
	GlobalSection(SolutionProperties) = preSolution
		HideSolutionNode = FALSE
	EndGlobalSection
	GlobalSection(ExtensibilityGlobals) = postSolution
		SolutionGuid = {0FDFD687-178B-4359-BD02-0B0F0342985D}
	EndGlobalSection
EndGlobal
