
Microsoft Visual Studio Solution File, Format Version 12.00
# Visual Studio 15
VisualStudioVersion = 15.0.28010.2026
MinimumVisualStudioVersion = 10.0.40219.1
Project("{9A19103F-16F7-4668-BE54-9A1E7A4F7556}") = "VariousExcercises", "VariousExcercises\VariousExcercises.csproj", "{45484274-7444-465A-A7F5-7CF66608ECB2}"
EndProject
Project("{9A19103F-16F7-4668-BE54-9A1E7A4F7556}") = "EnumExcercise", "EnumExcercise\EnumExcercise.csproj", "{03D7C693-BBF4-4EBA-B429-450B870CCF65}"
EndProject
Project("{FAE04EC0-301F-11D3-BF4B-00C04F79EFBC}") = "DataTableExcercises", "DataTableExcercises\DataTableExcercises.csproj", "{6B663421-3938-4879-BA16-AEFF3BCD337E}"
EndProject
Global
	GlobalSection(SolutionConfigurationPlatforms) = preSolution
		Debug|Any CPU = Debug|Any CPU
		Release|Any CPU = Release|Any CPU
	EndGlobalSection
	GlobalSection(ProjectConfigurationPlatforms) = postSolution
		{45484274-7444-465A-A7F5-7CF66608ECB2}.Debug|Any CPU.ActiveCfg = Debug|Any CPU
		{45484274-7444-465A-A7F5-7CF66608ECB2}.Debug|Any CPU.Build.0 = Debug|Any CPU
		{45484274-7444-465A-A7F5-7CF66608ECB2}.Release|Any CPU.ActiveCfg = Release|Any CPU
		{45484274-7444-465A-A7F5-7CF66608ECB2}.Release|Any CPU.Build.0 = Release|Any CPU
		{03D7C693-BBF4-4EBA-B429-450B870CCF65}.Debug|Any CPU.ActiveCfg = Debug|Any CPU
		{03D7C693-BBF4-4EBA-B429-450B870CCF65}.Debug|Any CPU.Build.0 = Debug|Any CPU
		{03D7C693-BBF4-4EBA-B429-450B870CCF65}.Release|Any CPU.ActiveCfg = Release|Any CPU
		{03D7C693-BBF4-4EBA-B429-450B870CCF65}.Release|Any CPU.Build.0 = Release|Any CPU
		{6B663421-3938-4879-BA16-AEFF3BCD337E}.Debug|Any CPU.ActiveCfg = Debug|Any CPU
		{6B663421-3938-4879-BA16-AEFF3BCD337E}.Debug|Any CPU.Build.0 = Debug|Any CPU
		{6B663421-3938-4879-BA16-AEFF3BCD337E}.Release|Any CPU.ActiveCfg = Release|Any CPU
		{6B663421-3938-4879-BA16-AEFF3BCD337E}.Release|Any CPU.Build.0 = Release|Any CPU
	EndGlobalSection
	GlobalSection(SolutionProperties) = preSolution
		HideSolutionNode = FALSE
	EndGlobalSection
	GlobalSection(ExtensibilityGlobals) = postSolution
		SolutionGuid = {0C65ABB4-902B-44FA-83B8-20661FD980F0}
	EndGlobalSection
EndGlobal
