
Microsoft Visual Studio Solution File, Format Version 12.00
# Visual Studio Version 16
VisualStudioVersion = 16.0.28803.156
MinimumVisualStudioVersion = 10.0.40219.1
Project("{9A19103F-16F7-4668-BE54-9A1E7A4F7556}") = "VariousExcercises", "VariousExcercises\VariousExcercises.csproj", "{45484274-7444-465A-A7F5-7CF66608ECB2}"
EndProject
Project("{9A19103F-16F7-4668-BE54-9A1E7A4F7556}") = "ReadingExcelFile", "ReadingExcelFile\ReadingExcelFile.csproj", "{626214DB-056F-485F-97E5-C09D012CC5C7}"
EndProject
Project("{9A19103F-16F7-4668-BE54-9A1E7A4F7556}") = "TaskCancelationToken", "TaskCancelationToken\TaskCancelationToken.csproj", "{B53AC8F0-C2ED-4BCD-A977-C8B593B3EE96}"
EndProject
Project("{9A19103F-16F7-4668-BE54-9A1E7A4F7556}") = "JSONExcercises", "JSONExcercises\JSONExcercises.csproj", "{2685140C-7CD1-4F1D-B109-F7E6B6B2041E}"
EndProject
Project("{9A19103F-16F7-4668-BE54-9A1E7A4F7556}") = "ExpressionSample", "ExpressionSample\ExpressionSample.csproj", "{9B740F3D-E93D-48F6-8431-D09F0618B3B3}"
EndProject
Project("{9A19103F-16F7-4668-BE54-9A1E7A4F7556}") = "EntityFrameworkExcercises", "EntityFrameworkExcercises\EntityFrameworkExcercises.csproj", "{4719D18C-778D-49F9-B0F2-2EBADDCFC152}"
EndProject
Project("{9A19103F-16F7-4668-BE54-9A1E7A4F7556}") = "ReflectionExcercises", "ReflectionExcercises\ReflectionExcercises.csproj", "{2384A778-7092-4C61-8479-9BF66AE3E5C4}"
EndProject
Project("{2150E333-8FDC-42A3-9474-1A3956D46DE8}") = "JsAndCssExcercises", "JsAndCssExcercises", "{FA2F8B68-6445-42AF-B92C-C7765F83E54A}"
EndProject
Project("{2150E333-8FDC-42A3-9474-1A3956D46DE8}") = "JS", "JS", "{F1B8F52C-2C20-48DD-BE3F-15DDB3711319}"
	ProjectSection(SolutionItems) = preProject
		FormValidation.html = FormValidation.html
	EndProjectSection
EndProject
Project("{2150E333-8FDC-42A3-9474-1A3956D46DE8}") = "Bootstrap-4", "Bootstrap-4", "{18C8195E-0D55-4739-8F00-773EA87E26E7}"
	ProjectSection(SolutionItems) = preProject
		form-inline.html = form-inline.html
	EndProjectSection
EndProject
Project("{2150E333-8FDC-42A3-9474-1A3956D46DE8}") = "jQuery", "jQuery", "{D9C1A1D3-039D-4A41-99A2-155EC6356BA7}"
EndProject
Project("{2150E333-8FDC-42A3-9474-1A3956D46DE8}") = "Validation", "Validation", "{4B92D085-0F11-4E4E-969C-96DBFFA98FFF}"
	ProjectSection(SolutionItems) = preProject
		Documentation.txt = Documentation.txt
		FormValidation-1.html = FormValidation-1.html
		FormValidation-debug.html = FormValidation-debug.html
		FormValidation-rules.html = FormValidation-rules.html
	EndProjectSection
EndProject
Project("{2150E333-8FDC-42A3-9474-1A3956D46DE8}") = "MvcSamples", "MvcSamples", "{4FCA3027-2A32-44B8-A176-DAA06E5A60B5}"
EndProject
Project("{9A19103F-16F7-4668-BE54-9A1E7A4F7556}") = "FiltersSample", "FiltersSample\FiltersSample.csproj", "{6485EE3C-D48D-470A-AD89-90D60140FB37}"
EndProject
Project("{2150E333-8FDC-42A3-9474-1A3956D46DE8}") = "Tests", "Tests", "{55064DFE-FE58-4731-860F-4DA5CA376364}"
EndProject
Project("{9A19103F-16F7-4668-BE54-9A1E7A4F7556}") = "EqualityTest", "EqualityTest\EqualityTest.csproj", "{C6A70602-E665-4C18-9596-59A210C89039}"
EndProject
Project("{9A19103F-16F7-4668-BE54-9A1E7A4F7556}") = "IsKeyWord", "IsKeyWord\IsKeyWord.csproj", "{85504535-EAC3-4480-8C65-9C03E08E6E2B}"
EndProject
Project("{FAE04EC0-301F-11D3-BF4B-00C04F79EFBC}") = "CShart8Features", "CShart8Features\CShart8Features.csproj", "{E802B407-BC4A-4891-9E05-A599D4879CA6}"
EndProject
Global
	GlobalSection(SolutionConfigurationPlatforms) = preSolution
		Debug|Any CPU = Debug|Any CPU
		Release|Any CPU = Release|Any CPU
	EndGlobalSection
	GlobalSection(ProjectConfigurationPlatforms) = postSolution
		{45484274-7444-465A-A7F5-7CF66608ECB2}.Debug|Any CPU.ActiveCfg = Debug|Any CPU
		{45484274-7444-465A-A7F5-7CF66608ECB2}.Debug|Any CPU.Build.0 = Debug|Any CPU
		{45484274-7444-465A-A7F5-7CF66608ECB2}.Release|Any CPU.ActiveCfg = Release|Any CPU
		{45484274-7444-465A-A7F5-7CF66608ECB2}.Release|Any CPU.Build.0 = Release|Any CPU
		{626214DB-056F-485F-97E5-C09D012CC5C7}.Debug|Any CPU.ActiveCfg = Debug|Any CPU
		{626214DB-056F-485F-97E5-C09D012CC5C7}.Debug|Any CPU.Build.0 = Debug|Any CPU
		{626214DB-056F-485F-97E5-C09D012CC5C7}.Release|Any CPU.ActiveCfg = Release|Any CPU
		{626214DB-056F-485F-97E5-C09D012CC5C7}.Release|Any CPU.Build.0 = Release|Any CPU
		{B53AC8F0-C2ED-4BCD-A977-C8B593B3EE96}.Debug|Any CPU.ActiveCfg = Debug|Any CPU
		{B53AC8F0-C2ED-4BCD-A977-C8B593B3EE96}.Debug|Any CPU.Build.0 = Debug|Any CPU
		{B53AC8F0-C2ED-4BCD-A977-C8B593B3EE96}.Release|Any CPU.ActiveCfg = Release|Any CPU
		{B53AC8F0-C2ED-4BCD-A977-C8B593B3EE96}.Release|Any CPU.Build.0 = Release|Any CPU
		{2685140C-7CD1-4F1D-B109-F7E6B6B2041E}.Debug|Any CPU.ActiveCfg = Debug|Any CPU
		{2685140C-7CD1-4F1D-B109-F7E6B6B2041E}.Debug|Any CPU.Build.0 = Debug|Any CPU
		{2685140C-7CD1-4F1D-B109-F7E6B6B2041E}.Release|Any CPU.ActiveCfg = Release|Any CPU
		{2685140C-7CD1-4F1D-B109-F7E6B6B2041E}.Release|Any CPU.Build.0 = Release|Any CPU
		{9B740F3D-E93D-48F6-8431-D09F0618B3B3}.Debug|Any CPU.ActiveCfg = Debug|Any CPU
		{9B740F3D-E93D-48F6-8431-D09F0618B3B3}.Debug|Any CPU.Build.0 = Debug|Any CPU
		{9B740F3D-E93D-48F6-8431-D09F0618B3B3}.Release|Any CPU.ActiveCfg = Release|Any CPU
		{9B740F3D-E93D-48F6-8431-D09F0618B3B3}.Release|Any CPU.Build.0 = Release|Any CPU
		{4719D18C-778D-49F9-B0F2-2EBADDCFC152}.Debug|Any CPU.ActiveCfg = Debug|Any CPU
		{4719D18C-778D-49F9-B0F2-2EBADDCFC152}.Debug|Any CPU.Build.0 = Debug|Any CPU
		{4719D18C-778D-49F9-B0F2-2EBADDCFC152}.Release|Any CPU.ActiveCfg = Release|Any CPU
		{4719D18C-778D-49F9-B0F2-2EBADDCFC152}.Release|Any CPU.Build.0 = Release|Any CPU
		{2384A778-7092-4C61-8479-9BF66AE3E5C4}.Debug|Any CPU.ActiveCfg = Debug|Any CPU
		{2384A778-7092-4C61-8479-9BF66AE3E5C4}.Debug|Any CPU.Build.0 = Debug|Any CPU
		{2384A778-7092-4C61-8479-9BF66AE3E5C4}.Release|Any CPU.ActiveCfg = Release|Any CPU
		{2384A778-7092-4C61-8479-9BF66AE3E5C4}.Release|Any CPU.Build.0 = Release|Any CPU
		{6485EE3C-D48D-470A-AD89-90D60140FB37}.Debug|Any CPU.ActiveCfg = Debug|Any CPU
		{6485EE3C-D48D-470A-AD89-90D60140FB37}.Debug|Any CPU.Build.0 = Debug|Any CPU
		{6485EE3C-D48D-470A-AD89-90D60140FB37}.Release|Any CPU.ActiveCfg = Release|Any CPU
		{6485EE3C-D48D-470A-AD89-90D60140FB37}.Release|Any CPU.Build.0 = Release|Any CPU
		{C6A70602-E665-4C18-9596-59A210C89039}.Debug|Any CPU.ActiveCfg = Debug|Any CPU
		{C6A70602-E665-4C18-9596-59A210C89039}.Debug|Any CPU.Build.0 = Debug|Any CPU
		{C6A70602-E665-4C18-9596-59A210C89039}.Release|Any CPU.ActiveCfg = Release|Any CPU
		{C6A70602-E665-4C18-9596-59A210C89039}.Release|Any CPU.Build.0 = Release|Any CPU
		{85504535-EAC3-4480-8C65-9C03E08E6E2B}.Debug|Any CPU.ActiveCfg = Debug|Any CPU
		{85504535-EAC3-4480-8C65-9C03E08E6E2B}.Debug|Any CPU.Build.0 = Debug|Any CPU
		{85504535-EAC3-4480-8C65-9C03E08E6E2B}.Release|Any CPU.ActiveCfg = Release|Any CPU
		{85504535-EAC3-4480-8C65-9C03E08E6E2B}.Release|Any CPU.Build.0 = Release|Any CPU
		{E802B407-BC4A-4891-9E05-A599D4879CA6}.Debug|Any CPU.ActiveCfg = Debug|Any CPU
		{E802B407-BC4A-4891-9E05-A599D4879CA6}.Debug|Any CPU.Build.0 = Debug|Any CPU
		{E802B407-BC4A-4891-9E05-A599D4879CA6}.Release|Any CPU.ActiveCfg = Release|Any CPU
		{E802B407-BC4A-4891-9E05-A599D4879CA6}.Release|Any CPU.Build.0 = Release|Any CPU
	EndGlobalSection
	GlobalSection(SolutionProperties) = preSolution
		HideSolutionNode = FALSE
	EndGlobalSection
	GlobalSection(NestedProjects) = preSolution
		{F1B8F52C-2C20-48DD-BE3F-15DDB3711319} = {FA2F8B68-6445-42AF-B92C-C7765F83E54A}
		{18C8195E-0D55-4739-8F00-773EA87E26E7} = {FA2F8B68-6445-42AF-B92C-C7765F83E54A}
		{D9C1A1D3-039D-4A41-99A2-155EC6356BA7} = {F1B8F52C-2C20-48DD-BE3F-15DDB3711319}
		{4B92D085-0F11-4E4E-969C-96DBFFA98FFF} = {D9C1A1D3-039D-4A41-99A2-155EC6356BA7}
		{6485EE3C-D48D-470A-AD89-90D60140FB37} = {4FCA3027-2A32-44B8-A176-DAA06E5A60B5}
		{55064DFE-FE58-4731-860F-4DA5CA376364} = {4FCA3027-2A32-44B8-A176-DAA06E5A60B5}
	EndGlobalSection
	GlobalSection(ExtensibilityGlobals) = postSolution
		SolutionGuid = {0C65ABB4-902B-44FA-83B8-20661FD980F0}
	EndGlobalSection
EndGlobal
