
Microsoft Visual Studio Solution File, Format Version 12.00
# Visual Studio 15
VisualStudioVersion = 15.0.28010.2026
MinimumVisualStudioVersion = 10.0.40219.1
Project("{9A19103F-16F7-4668-BE54-9A1E7A4F7556}") = "VariousExcercises", "VariousExcercises\VariousExcercises.csproj", "{45484274-7444-465A-A7F5-7CF66608ECB2}"
EndProject
Project("{9A19103F-16F7-4668-BE54-9A1E7A4F7556}") = "ReadingExcelFile", "ReadingExcelFile\ReadingExcelFile.csproj", "{626214DB-056F-485F-97E5-C09D012CC5C7}"
EndProject
Project("{9A19103F-16F7-4668-BE54-9A1E7A4F7556}") = "TaskCancelationToken", "TaskCancelationToken\TaskCancelationToken.csproj", "{B53AC8F0-C2ED-4BCD-A977-C8B593B3EE96}"
EndProject
Project("{9A19103F-16F7-4668-BE54-9A1E7A4F7556}") = "JSONExcercises", "JSONExcercises\JSONExcercises.csproj", "{2685140C-7CD1-4F1D-B109-F7E6B6B2041E}"
EndProject
Project("{9A19103F-16F7-4668-BE54-9A1E7A4F7556}") = "ExpressionSample", "ExpressionSample\ExpressionSample.csproj", "{9B740F3D-E93D-48F6-8431-D09F0618B3B3}"
EndProject
Project("{9A19103F-16F7-4668-BE54-9A1E7A4F7556}") = "StepWithNavBootstrap", "StepWithNavBootstrap\StepWithNavBootstrap.csproj", "{674625BA-8CE5-405E-AA03-39265DB0C2FC}"
EndProject
Project("{9A19103F-16F7-4668-BE54-9A1E7A4F7556}") = "EntityFrameworkExcercises", "EntityFrameworkExcercises\EntityFrameworkExcercises.csproj", "{4719D18C-778D-49F9-B0F2-2EBADDCFC152}"
EndProject
Project("{FAE04EC0-301F-11D3-BF4B-00C04F79EFBC}") = "ReflectionExcercises", "ReflectionExcercises\ReflectionExcercises.csproj", "{2384A778-7092-4C61-8479-9BF66AE3E5C4}"
EndProject
Global
	GlobalSection(SolutionConfigurationPlatforms) = preSolution
		Debug|Any CPU = Debug|Any CPU
		Release|Any CPU = Release|Any CPU
	EndGlobalSection
	GlobalSection(ProjectConfigurationPlatforms) = postSolution
		{45484274-7444-465A-A7F5-7CF66608ECB2}.Debug|Any CPU.ActiveCfg = Debug|Any CPU
		{45484274-7444-465A-A7F5-7CF66608ECB2}.Debug|Any CPU.Build.0 = Debug|Any CPU
		{45484274-7444-465A-A7F5-7CF66608ECB2}.Release|Any CPU.ActiveCfg = Release|Any CPU
		{45484274-7444-465A-A7F5-7CF66608ECB2}.Release|Any CPU.Build.0 = Release|Any CPU
		{626214DB-056F-485F-97E5-C09D012CC5C7}.Debug|Any CPU.ActiveCfg = Debug|Any CPU
		{626214DB-056F-485F-97E5-C09D012CC5C7}.Debug|Any CPU.Build.0 = Debug|Any CPU
		{626214DB-056F-485F-97E5-C09D012CC5C7}.Release|Any CPU.ActiveCfg = Release|Any CPU
		{626214DB-056F-485F-97E5-C09D012CC5C7}.Release|Any CPU.Build.0 = Release|Any CPU
		{B53AC8F0-C2ED-4BCD-A977-C8B593B3EE96}.Debug|Any CPU.ActiveCfg = Debug|Any CPU
		{B53AC8F0-C2ED-4BCD-A977-C8B593B3EE96}.Debug|Any CPU.Build.0 = Debug|Any CPU
		{B53AC8F0-C2ED-4BCD-A977-C8B593B3EE96}.Release|Any CPU.ActiveCfg = Release|Any CPU
		{B53AC8F0-C2ED-4BCD-A977-C8B593B3EE96}.Release|Any CPU.Build.0 = Release|Any CPU
		{2685140C-7CD1-4F1D-B109-F7E6B6B2041E}.Debug|Any CPU.ActiveCfg = Debug|Any CPU
		{2685140C-7CD1-4F1D-B109-F7E6B6B2041E}.Debug|Any CPU.Build.0 = Debug|Any CPU
		{2685140C-7CD1-4F1D-B109-F7E6B6B2041E}.Release|Any CPU.ActiveCfg = Release|Any CPU
		{2685140C-7CD1-4F1D-B109-F7E6B6B2041E}.Release|Any CPU.Build.0 = Release|Any CPU
		{9B740F3D-E93D-48F6-8431-D09F0618B3B3}.Debug|Any CPU.ActiveCfg = Debug|Any CPU
		{9B740F3D-E93D-48F6-8431-D09F0618B3B3}.Debug|Any CPU.Build.0 = Debug|Any CPU
		{9B740F3D-E93D-48F6-8431-D09F0618B3B3}.Release|Any CPU.ActiveCfg = Release|Any CPU
		{9B740F3D-E93D-48F6-8431-D09F0618B3B3}.Release|Any CPU.Build.0 = Release|Any CPU
		{674625BA-8CE5-405E-AA03-39265DB0C2FC}.Debug|Any CPU.ActiveCfg = Debug|Any CPU
		{674625BA-8CE5-405E-AA03-39265DB0C2FC}.Debug|Any CPU.Build.0 = Debug|Any CPU
		{674625BA-8CE5-405E-AA03-39265DB0C2FC}.Release|Any CPU.ActiveCfg = Release|Any CPU
		{674625BA-8CE5-405E-AA03-39265DB0C2FC}.Release|Any CPU.Build.0 = Release|Any CPU
		{4719D18C-778D-49F9-B0F2-2EBADDCFC152}.Debug|Any CPU.ActiveCfg = Debug|Any CPU
		{4719D18C-778D-49F9-B0F2-2EBADDCFC152}.Debug|Any CPU.Build.0 = Debug|Any CPU
		{4719D18C-778D-49F9-B0F2-2EBADDCFC152}.Release|Any CPU.ActiveCfg = Release|Any CPU
		{4719D18C-778D-49F9-B0F2-2EBADDCFC152}.Release|Any CPU.Build.0 = Release|Any CPU
		{2384A778-7092-4C61-8479-9BF66AE3E5C4}.Debug|Any CPU.ActiveCfg = Debug|Any CPU
		{2384A778-7092-4C61-8479-9BF66AE3E5C4}.Debug|Any CPU.Build.0 = Debug|Any CPU
		{2384A778-7092-4C61-8479-9BF66AE3E5C4}.Release|Any CPU.ActiveCfg = Release|Any CPU
		{2384A778-7092-4C61-8479-9BF66AE3E5C4}.Release|Any CPU.Build.0 = Release|Any CPU
	EndGlobalSection
	GlobalSection(SolutionProperties) = preSolution
		HideSolutionNode = FALSE
	EndGlobalSection
	GlobalSection(ExtensibilityGlobals) = postSolution
		SolutionGuid = {0C65ABB4-902B-44FA-83B8-20661FD980F0}
	EndGlobalSection
EndGlobal
