
Microsoft Visual Studio Solution File, Format Version 12.00
# Visual Studio Version 16
VisualStudioVersion = 16.0.29613.14
MinimumVisualStudioVersion = 10.0.40219.1
Project("{FAE04EC0-301F-11D3-BF4B-00C04F79EFBC}") = "WebAppWithTypeScript", "WebAppWithTypeScript\WebAppWithTypeScript.csproj", "{20178F9E-65BC-4538-BC23-CC85246741F7}"
EndProject
Global
	GlobalSection(SolutionConfigurationPlatforms) = preSolution
		Debug|Any CPU = Debug|Any CPU
		Release|Any CPU = Release|Any CPU
	EndGlobalSection
	GlobalSection(ProjectConfigurationPlatforms) = postSolution
		{20178F9E-65BC-4538-BC23-CC85246741F7}.Debug|Any CPU.ActiveCfg = Debug|Any CPU
		{20178F9E-65BC-4538-BC23-CC85246741F7}.Debug|Any CPU.Build.0 = Debug|Any CPU
		{20178F9E-65BC-4538-BC23-CC85246741F7}.Release|Any CPU.ActiveCfg = Release|Any CPU
		{20178F9E-65BC-4538-BC23-CC85246741F7}.Release|Any CPU.Build.0 = Release|Any CPU
	EndGlobalSection
	GlobalSection(SolutionProperties) = preSolution
		HideSolutionNode = FALSE
	EndGlobalSection
	GlobalSection(ExtensibilityGlobals) = postSolution
		SolutionGuid = {1A891BBA-D7CB-43A1-94FF-839B4796527C}
	EndGlobalSection
EndGlobal
