
Microsoft Visual Studio Solution File, Format Version 12.00
# Visual Studio Version 17
VisualStudioVersion = 17.3.32825.248
MinimumVisualStudioVersion = 10.0.40219.1
Project("{9A19103F-16F7-4668-BE54-9A1E7A4F7556}") = "ObjectOrientedTest", "ObjectOrientedTest\ObjectOrientedTest.csproj", "{D1169D6B-D427-4786-B8EA-DE61E842DD0C}"
EndProject
Project("{FAE04EC0-301F-11D3-BF4B-00C04F79EFBC}") = "ObjectOriented", "ObjectOriented\ObjectOriented.csproj", "{B0405491-8E35-40F5-83F7-48638282103B}"
EndProject
Global
	GlobalSection(SolutionConfigurationPlatforms) = preSolution
		Debug|Any CPU = Debug|Any CPU
		Release|Any CPU = Release|Any CPU
	EndGlobalSection
	GlobalSection(ProjectConfigurationPlatforms) = postSolution
		{D1169D6B-D427-4786-B8EA-DE61E842DD0C}.Debug|Any CPU.ActiveCfg = Debug|Any CPU
		{D1169D6B-D427-4786-B8EA-DE61E842DD0C}.Debug|Any CPU.Build.0 = Debug|Any CPU
		{D1169D6B-D427-4786-B8EA-DE61E842DD0C}.Release|Any CPU.ActiveCfg = Release|Any CPU
		{D1169D6B-D427-4786-B8EA-DE61E842DD0C}.Release|Any CPU.Build.0 = Release|Any CPU
		{B0405491-8E35-40F5-83F7-48638282103B}.Debug|Any CPU.ActiveCfg = Debug|Any CPU
		{B0405491-8E35-40F5-83F7-48638282103B}.Debug|Any CPU.Build.0 = Debug|Any CPU
		{B0405491-8E35-40F5-83F7-48638282103B}.Release|Any CPU.ActiveCfg = Release|Any CPU
		{B0405491-8E35-40F5-83F7-48638282103B}.Release|Any CPU.Build.0 = Release|Any CPU
	EndGlobalSection
	GlobalSection(SolutionProperties) = preSolution
		HideSolutionNode = FALSE
	EndGlobalSection
	GlobalSection(ExtensibilityGlobals) = postSolution
		SolutionGuid = {B0179A8D-A998-490A-A4CC-01E90CB8CFDB}
	EndGlobalSection
EndGlobal
