
Microsoft Visual Studio Solution File, Format Version 12.00
# Visual Studio Version 16
VisualStudioVersion = 16.0.29926.136
MinimumVisualStudioVersion = 10.0.40219.1
Project("{9A19103F-16F7-4668-BE54-9A1E7A4F7556}") = "BloazorSample", "BloazorSample\BloazorSample.csproj", "{784C9ACF-CF99-4A39-AE95-38041208BB78}"
EndProject
Project("{9A19103F-16F7-4668-BE54-9A1E7A4F7556}") = "BlazorSample", "..\..\..\..\Downloads\AspNetCore.Docs\aspnetcore\blazor\common\samples\3.x\BlazorServerSample\BlazorSample.csproj", "{B92818FB-0DFD-4E74-96D4-55B04593F963}"
EndProject
Global
	GlobalSection(SolutionConfigurationPlatforms) = preSolution
		Debug|Any CPU = Debug|Any CPU
		Release|Any CPU = Release|Any CPU
	EndGlobalSection
	GlobalSection(ProjectConfigurationPlatforms) = postSolution
		{784C9ACF-CF99-4A39-AE95-38041208BB78}.Debug|Any CPU.ActiveCfg = Debug|Any CPU
		{784C9ACF-CF99-4A39-AE95-38041208BB78}.Debug|Any CPU.Build.0 = Debug|Any CPU
		{784C9ACF-CF99-4A39-AE95-38041208BB78}.Release|Any CPU.ActiveCfg = Release|Any CPU
		{784C9ACF-CF99-4A39-AE95-38041208BB78}.Release|Any CPU.Build.0 = Release|Any CPU
		{B92818FB-0DFD-4E74-96D4-55B04593F963}.Debug|Any CPU.ActiveCfg = Debug|Any CPU
		{B92818FB-0DFD-4E74-96D4-55B04593F963}.Debug|Any CPU.Build.0 = Debug|Any CPU
		{B92818FB-0DFD-4E74-96D4-55B04593F963}.Release|Any CPU.ActiveCfg = Release|Any CPU
		{B92818FB-0DFD-4E74-96D4-55B04593F963}.Release|Any CPU.Build.0 = Release|Any CPU
	EndGlobalSection
	GlobalSection(SolutionProperties) = preSolution
		HideSolutionNode = FALSE
	EndGlobalSection
	GlobalSection(ExtensibilityGlobals) = postSolution
		SolutionGuid = {B2C04428-1A93-49C8-ACC7-FC5BA370EEB1}
	EndGlobalSection
EndGlobal
