
Microsoft Visual Studio Solution File, Format Version 12.00
# Visual Studio 15
VisualStudioVersion = 15.0.28010.2019
MinimumVisualStudioVersion = 10.0.40219.1
Project("{9A19103F-16F7-4668-BE54-9A1E7A4F7556}") = "LinqCommon", "LinqCommon\LinqCommon.csproj", "{2553075E-4B92-477A-A6FB-C59AA856D659}"
EndProject
Project("{9A19103F-16F7-4668-BE54-9A1E7A4F7556}") = "RestrictionOperators", "RestrictionOperators\RestrictionOperators.csproj", "{70B8E476-CC1D-4E6C-BE34-BBAB0B0175CE}"
EndProject
Project("{9A19103F-16F7-4668-BE54-9A1E7A4F7556}") = "SetOperators", "SetOperators\SetOperators.csproj", "{47DDE837-DB6B-4DB9-9B61-B84FD0F8209F}"
EndProject
Project("{9A19103F-16F7-4668-BE54-9A1E7A4F7556}") = "QueryExecution", "QueryExecution\QueryExecution.csproj", "{6068D502-B190-41F9-AB3C-997549644583}"
EndProject
Project("{2150E333-8FDC-42A3-9474-1A3956D46DE8}") = "Solution Items", "Solution Items", "{93110114-7F23-4880-BA78-9EE59A1D151A}"
	ProjectSection(SolutionItems) = preProject
		README.md = README.md
	EndProjectSection
EndProject
Project("{9A19103F-16F7-4668-BE54-9A1E7A4F7556}") = "Quantifiers", "Quantifiers\Quantifiers.csproj", "{F56D16B0-00B0-4304-BD97-C8E10D54D621}"
EndProject
Project("{9A19103F-16F7-4668-BE54-9A1E7A4F7556}") = "ProjectionOperators", "ProjectionOperators\ProjectionOperators.csproj", "{72FDC6E8-09DD-4C89-B054-F3D3F2CB8B15}"
EndProject
Project("{9A19103F-16F7-4668-BE54-9A1E7A4F7556}") = "PartitioningOperators", "PartitioningOperators\PartitioningOperators.csproj", "{6BB93FFA-C410-4620-A0E0-A1FF88E5838B}"
EndProject
Project("{9A19103F-16F7-4668-BE54-9A1E7A4F7556}") = "OrderingOperators", "OrderingOperators\OrderingOperators.csproj", "{05350A97-9D66-40BC-90B5-BCD0DCFE1AAB}"
EndProject
Project("{9A19103F-16F7-4668-BE54-9A1E7A4F7556}") = "MiscellaneousOperators", "MiscellaneousOperators\MiscellaneousOperators.csproj", "{92DDD501-DD67-4442-BF0F-BE4B236533F3}"
EndProject
Project("{9A19103F-16F7-4668-BE54-9A1E7A4F7556}") = "JoinOperators", "JoinOperators\JoinOperators.csproj", "{D3AB5B11-0E48-48DC-B42B-BDA8B65B8684}"
EndProject
Project("{9A19103F-16F7-4668-BE54-9A1E7A4F7556}") = "GroupingOperators", "GroupingOperators\GroupingOperators.csproj", "{5A494E4A-2CDF-4502-AA7F-91B53F08D96B}"
EndProject
Project("{9A19103F-16F7-4668-BE54-9A1E7A4F7556}") = "EfCoreWithLinq", "EfCoreWithLinq\EfCoreWithLinq.csproj", "{C253A9E0-A481-4DBC-AD55-A7A643FF1B13}"
EndProject
Project("{9A19103F-16F7-4668-BE54-9A1E7A4F7556}") = "GenerationOperators", "GenerationOperators\GenerationOperators.csproj", "{CA8C2E65-4FD0-4E95-AF58-5ADBE945AA0A}"
EndProject
Project("{9A19103F-16F7-4668-BE54-9A1E7A4F7556}") = "ElementOperators", "ElementOperators\ElementOperators.csproj", "{A48955E1-92CE-4C36-95E7-12F2850C53E9}"
EndProject
Project("{9A19103F-16F7-4668-BE54-9A1E7A4F7556}") = "AggregateOperators", "AggregateOperators\AggregateOperators.csproj", "{5C31A7EF-32A3-40EC-8440-1913ECC43929}"
EndProject
Project("{FAE04EC0-301F-11D3-BF4B-00C04F79EFBC}") = "ConversionOperators", "ConversionOperators\ConversionOperators.csproj", "{8F74D414-A0F6-443B-AD7B-647E92E9D659}"
EndProject
Project("{FAE04EC0-301F-11D3-BF4B-00C04F79EFBC}") = "CustomSequenceOperators", "CustomSequenceOperators\CustomSequenceOperators.csproj", "{56C49A25-BA36-4140-95ED-6C7B727CB712}"
EndProject
Global
	GlobalSection(SolutionConfigurationPlatforms) = preSolution
		Debug|Any CPU = Debug|Any CPU
		Debug|x86 = Debug|x86
		Release|Any CPU = Release|Any CPU
		Release|x86 = Release|x86
	EndGlobalSection
	GlobalSection(ProjectConfigurationPlatforms) = postSolution
		{2553075E-4B92-477A-A6FB-C59AA856D659}.Debug|Any CPU.ActiveCfg = Debug|Any CPU
		{2553075E-4B92-477A-A6FB-C59AA856D659}.Debug|Any CPU.Build.0 = Debug|Any CPU
		{2553075E-4B92-477A-A6FB-C59AA856D659}.Debug|x86.ActiveCfg = Debug|Any CPU
		{2553075E-4B92-477A-A6FB-C59AA856D659}.Debug|x86.Build.0 = Debug|Any CPU
		{2553075E-4B92-477A-A6FB-C59AA856D659}.Release|Any CPU.ActiveCfg = Release|Any CPU
		{2553075E-4B92-477A-A6FB-C59AA856D659}.Release|Any CPU.Build.0 = Release|Any CPU
		{2553075E-4B92-477A-A6FB-C59AA856D659}.Release|x86.ActiveCfg = Release|Any CPU
		{2553075E-4B92-477A-A6FB-C59AA856D659}.Release|x86.Build.0 = Release|Any CPU
		{70B8E476-CC1D-4E6C-BE34-BBAB0B0175CE}.Debug|Any CPU.ActiveCfg = Debug|Any CPU
		{70B8E476-CC1D-4E6C-BE34-BBAB0B0175CE}.Debug|Any CPU.Build.0 = Debug|Any CPU
		{70B8E476-CC1D-4E6C-BE34-BBAB0B0175CE}.Debug|x86.ActiveCfg = Debug|Any CPU
		{70B8E476-CC1D-4E6C-BE34-BBAB0B0175CE}.Debug|x86.Build.0 = Debug|Any CPU
		{70B8E476-CC1D-4E6C-BE34-BBAB0B0175CE}.Release|Any CPU.ActiveCfg = Release|Any CPU
		{70B8E476-CC1D-4E6C-BE34-BBAB0B0175CE}.Release|Any CPU.Build.0 = Release|Any CPU
		{70B8E476-CC1D-4E6C-BE34-BBAB0B0175CE}.Release|x86.ActiveCfg = Release|Any CPU
		{70B8E476-CC1D-4E6C-BE34-BBAB0B0175CE}.Release|x86.Build.0 = Release|Any CPU
		{47DDE837-DB6B-4DB9-9B61-B84FD0F8209F}.Debug|Any CPU.ActiveCfg = Debug|Any CPU
		{47DDE837-DB6B-4DB9-9B61-B84FD0F8209F}.Debug|Any CPU.Build.0 = Debug|Any CPU
		{47DDE837-DB6B-4DB9-9B61-B84FD0F8209F}.Debug|x86.ActiveCfg = Debug|Any CPU
		{47DDE837-DB6B-4DB9-9B61-B84FD0F8209F}.Debug|x86.Build.0 = Debug|Any CPU
		{47DDE837-DB6B-4DB9-9B61-B84FD0F8209F}.Release|Any CPU.ActiveCfg = Release|Any CPU
		{47DDE837-DB6B-4DB9-9B61-B84FD0F8209F}.Release|Any CPU.Build.0 = Release|Any CPU
		{47DDE837-DB6B-4DB9-9B61-B84FD0F8209F}.Release|x86.ActiveCfg = Release|Any CPU
		{47DDE837-DB6B-4DB9-9B61-B84FD0F8209F}.Release|x86.Build.0 = Release|Any CPU
		{6068D502-B190-41F9-AB3C-997549644583}.Debug|Any CPU.ActiveCfg = Debug|Any CPU
		{6068D502-B190-41F9-AB3C-997549644583}.Debug|Any CPU.Build.0 = Debug|Any CPU
		{6068D502-B190-41F9-AB3C-997549644583}.Debug|x86.ActiveCfg = Debug|Any CPU
		{6068D502-B190-41F9-AB3C-997549644583}.Debug|x86.Build.0 = Debug|Any CPU
		{6068D502-B190-41F9-AB3C-997549644583}.Release|Any CPU.ActiveCfg = Release|Any CPU
		{6068D502-B190-41F9-AB3C-997549644583}.Release|Any CPU.Build.0 = Release|Any CPU
		{6068D502-B190-41F9-AB3C-997549644583}.Release|x86.ActiveCfg = Release|Any CPU
		{6068D502-B190-41F9-AB3C-997549644583}.Release|x86.Build.0 = Release|Any CPU
		{F56D16B0-00B0-4304-BD97-C8E10D54D621}.Debug|Any CPU.ActiveCfg = Debug|Any CPU
		{F56D16B0-00B0-4304-BD97-C8E10D54D621}.Debug|Any CPU.Build.0 = Debug|Any CPU
		{F56D16B0-00B0-4304-BD97-C8E10D54D621}.Debug|x86.ActiveCfg = Debug|Any CPU
		{F56D16B0-00B0-4304-BD97-C8E10D54D621}.Debug|x86.Build.0 = Debug|Any CPU
		{F56D16B0-00B0-4304-BD97-C8E10D54D621}.Release|Any CPU.ActiveCfg = Release|Any CPU
		{F56D16B0-00B0-4304-BD97-C8E10D54D621}.Release|Any CPU.Build.0 = Release|Any CPU
		{F56D16B0-00B0-4304-BD97-C8E10D54D621}.Release|x86.ActiveCfg = Release|Any CPU
		{F56D16B0-00B0-4304-BD97-C8E10D54D621}.Release|x86.Build.0 = Release|Any CPU
		{72FDC6E8-09DD-4C89-B054-F3D3F2CB8B15}.Debug|Any CPU.ActiveCfg = Debug|Any CPU
		{72FDC6E8-09DD-4C89-B054-F3D3F2CB8B15}.Debug|Any CPU.Build.0 = Debug|Any CPU
		{72FDC6E8-09DD-4C89-B054-F3D3F2CB8B15}.Debug|x86.ActiveCfg = Debug|Any CPU
		{72FDC6E8-09DD-4C89-B054-F3D3F2CB8B15}.Debug|x86.Build.0 = Debug|Any CPU
		{72FDC6E8-09DD-4C89-B054-F3D3F2CB8B15}.Release|Any CPU.ActiveCfg = Release|Any CPU
		{72FDC6E8-09DD-4C89-B054-F3D3F2CB8B15}.Release|Any CPU.Build.0 = Release|Any CPU
		{72FDC6E8-09DD-4C89-B054-F3D3F2CB8B15}.Release|x86.ActiveCfg = Release|Any CPU
		{72FDC6E8-09DD-4C89-B054-F3D3F2CB8B15}.Release|x86.Build.0 = Release|Any CPU
		{6BB93FFA-C410-4620-A0E0-A1FF88E5838B}.Debug|Any CPU.ActiveCfg = Debug|Any CPU
		{6BB93FFA-C410-4620-A0E0-A1FF88E5838B}.Debug|Any CPU.Build.0 = Debug|Any CPU
		{6BB93FFA-C410-4620-A0E0-A1FF88E5838B}.Debug|x86.ActiveCfg = Debug|Any CPU
		{6BB93FFA-C410-4620-A0E0-A1FF88E5838B}.Debug|x86.Build.0 = Debug|Any CPU
		{6BB93FFA-C410-4620-A0E0-A1FF88E5838B}.Release|Any CPU.ActiveCfg = Release|Any CPU
		{6BB93FFA-C410-4620-A0E0-A1FF88E5838B}.Release|Any CPU.Build.0 = Release|Any CPU
		{6BB93FFA-C410-4620-A0E0-A1FF88E5838B}.Release|x86.ActiveCfg = Release|Any CPU
		{6BB93FFA-C410-4620-A0E0-A1FF88E5838B}.Release|x86.Build.0 = Release|Any CPU
		{05350A97-9D66-40BC-90B5-BCD0DCFE1AAB}.Debug|Any CPU.ActiveCfg = Debug|Any CPU
		{05350A97-9D66-40BC-90B5-BCD0DCFE1AAB}.Debug|Any CPU.Build.0 = Debug|Any CPU
		{05350A97-9D66-40BC-90B5-BCD0DCFE1AAB}.Debug|x86.ActiveCfg = Debug|Any CPU
		{05350A97-9D66-40BC-90B5-BCD0DCFE1AAB}.Debug|x86.Build.0 = Debug|Any CPU
		{05350A97-9D66-40BC-90B5-BCD0DCFE1AAB}.Release|Any CPU.ActiveCfg = Release|Any CPU
		{05350A97-9D66-40BC-90B5-BCD0DCFE1AAB}.Release|Any CPU.Build.0 = Release|Any CPU
		{05350A97-9D66-40BC-90B5-BCD0DCFE1AAB}.Release|x86.ActiveCfg = Release|Any CPU
		{05350A97-9D66-40BC-90B5-BCD0DCFE1AAB}.Release|x86.Build.0 = Release|Any CPU
		{92DDD501-DD67-4442-BF0F-BE4B236533F3}.Debug|Any CPU.ActiveCfg = Debug|Any CPU
		{92DDD501-DD67-4442-BF0F-BE4B236533F3}.Debug|Any CPU.Build.0 = Debug|Any CPU
		{92DDD501-DD67-4442-BF0F-BE4B236533F3}.Debug|x86.ActiveCfg = Debug|Any CPU
		{92DDD501-DD67-4442-BF0F-BE4B236533F3}.Debug|x86.Build.0 = Debug|Any CPU
		{92DDD501-DD67-4442-BF0F-BE4B236533F3}.Release|Any CPU.ActiveCfg = Release|Any CPU
		{92DDD501-DD67-4442-BF0F-BE4B236533F3}.Release|Any CPU.Build.0 = Release|Any CPU
		{92DDD501-DD67-4442-BF0F-BE4B236533F3}.Release|x86.ActiveCfg = Release|Any CPU
		{92DDD501-DD67-4442-BF0F-BE4B236533F3}.Release|x86.Build.0 = Release|Any CPU
		{D3AB5B11-0E48-48DC-B42B-BDA8B65B8684}.Debug|Any CPU.ActiveCfg = Debug|Any CPU
		{D3AB5B11-0E48-48DC-B42B-BDA8B65B8684}.Debug|Any CPU.Build.0 = Debug|Any CPU
		{D3AB5B11-0E48-48DC-B42B-BDA8B65B8684}.Debug|x86.ActiveCfg = Debug|Any CPU
		{D3AB5B11-0E48-48DC-B42B-BDA8B65B8684}.Debug|x86.Build.0 = Debug|Any CPU
		{D3AB5B11-0E48-48DC-B42B-BDA8B65B8684}.Release|Any CPU.ActiveCfg = Release|Any CPU
		{D3AB5B11-0E48-48DC-B42B-BDA8B65B8684}.Release|Any CPU.Build.0 = Release|Any CPU
		{D3AB5B11-0E48-48DC-B42B-BDA8B65B8684}.Release|x86.ActiveCfg = Release|Any CPU
		{D3AB5B11-0E48-48DC-B42B-BDA8B65B8684}.Release|x86.Build.0 = Release|Any CPU
		{5A494E4A-2CDF-4502-AA7F-91B53F08D96B}.Debug|Any CPU.ActiveCfg = Debug|Any CPU
		{5A494E4A-2CDF-4502-AA7F-91B53F08D96B}.Debug|Any CPU.Build.0 = Debug|Any CPU
		{5A494E4A-2CDF-4502-AA7F-91B53F08D96B}.Debug|x86.ActiveCfg = Debug|Any CPU
		{5A494E4A-2CDF-4502-AA7F-91B53F08D96B}.Debug|x86.Build.0 = Debug|Any CPU
		{5A494E4A-2CDF-4502-AA7F-91B53F08D96B}.Release|Any CPU.ActiveCfg = Release|Any CPU
		{5A494E4A-2CDF-4502-AA7F-91B53F08D96B}.Release|Any CPU.Build.0 = Release|Any CPU
		{5A494E4A-2CDF-4502-AA7F-91B53F08D96B}.Release|x86.ActiveCfg = Release|Any CPU
		{5A494E4A-2CDF-4502-AA7F-91B53F08D96B}.Release|x86.Build.0 = Release|Any CPU
		{C253A9E0-A481-4DBC-AD55-A7A643FF1B13}.Debug|Any CPU.ActiveCfg = Debug|Any CPU
		{C253A9E0-A481-4DBC-AD55-A7A643FF1B13}.Debug|Any CPU.Build.0 = Debug|Any CPU
		{C253A9E0-A481-4DBC-AD55-A7A643FF1B13}.Debug|x86.ActiveCfg = Debug|Any CPU
		{C253A9E0-A481-4DBC-AD55-A7A643FF1B13}.Debug|x86.Build.0 = Debug|Any CPU
		{C253A9E0-A481-4DBC-AD55-A7A643FF1B13}.Release|Any CPU.ActiveCfg = Release|Any CPU
		{C253A9E0-A481-4DBC-AD55-A7A643FF1B13}.Release|Any CPU.Build.0 = Release|Any CPU
		{C253A9E0-A481-4DBC-AD55-A7A643FF1B13}.Release|x86.ActiveCfg = Release|Any CPU
		{C253A9E0-A481-4DBC-AD55-A7A643FF1B13}.Release|x86.Build.0 = Release|Any CPU
		{CA8C2E65-4FD0-4E95-AF58-5ADBE945AA0A}.Debug|Any CPU.ActiveCfg = Debug|Any CPU
		{CA8C2E65-4FD0-4E95-AF58-5ADBE945AA0A}.Debug|Any CPU.Build.0 = Debug|Any CPU
		{CA8C2E65-4FD0-4E95-AF58-5ADBE945AA0A}.Debug|x86.ActiveCfg = Debug|Any CPU
		{CA8C2E65-4FD0-4E95-AF58-5ADBE945AA0A}.Debug|x86.Build.0 = Debug|Any CPU
		{CA8C2E65-4FD0-4E95-AF58-5ADBE945AA0A}.Release|Any CPU.ActiveCfg = Release|Any CPU
		{CA8C2E65-4FD0-4E95-AF58-5ADBE945AA0A}.Release|Any CPU.Build.0 = Release|Any CPU
		{CA8C2E65-4FD0-4E95-AF58-5ADBE945AA0A}.Release|x86.ActiveCfg = Release|Any CPU
		{CA8C2E65-4FD0-4E95-AF58-5ADBE945AA0A}.Release|x86.Build.0 = Release|Any CPU
		{A48955E1-92CE-4C36-95E7-12F2850C53E9}.Debug|Any CPU.ActiveCfg = Debug|Any CPU
		{A48955E1-92CE-4C36-95E7-12F2850C53E9}.Debug|Any CPU.Build.0 = Debug|Any CPU
		{A48955E1-92CE-4C36-95E7-12F2850C53E9}.Debug|x86.ActiveCfg = Debug|Any CPU
		{A48955E1-92CE-4C36-95E7-12F2850C53E9}.Debug|x86.Build.0 = Debug|Any CPU
		{A48955E1-92CE-4C36-95E7-12F2850C53E9}.Release|Any CPU.ActiveCfg = Release|Any CPU
		{A48955E1-92CE-4C36-95E7-12F2850C53E9}.Release|Any CPU.Build.0 = Release|Any CPU
		{A48955E1-92CE-4C36-95E7-12F2850C53E9}.Release|x86.ActiveCfg = Release|Any CPU
		{A48955E1-92CE-4C36-95E7-12F2850C53E9}.Release|x86.Build.0 = Release|Any CPU
		{5C31A7EF-32A3-40EC-8440-1913ECC43929}.Debug|Any CPU.ActiveCfg = Debug|Any CPU
		{5C31A7EF-32A3-40EC-8440-1913ECC43929}.Debug|Any CPU.Build.0 = Debug|Any CPU
		{5C31A7EF-32A3-40EC-8440-1913ECC43929}.Debug|x86.ActiveCfg = Debug|Any CPU
		{5C31A7EF-32A3-40EC-8440-1913ECC43929}.Debug|x86.Build.0 = Debug|Any CPU
		{5C31A7EF-32A3-40EC-8440-1913ECC43929}.Release|Any CPU.ActiveCfg = Release|Any CPU
		{5C31A7EF-32A3-40EC-8440-1913ECC43929}.Release|Any CPU.Build.0 = Release|Any CPU
		{5C31A7EF-32A3-40EC-8440-1913ECC43929}.Release|x86.ActiveCfg = Release|Any CPU
		{5C31A7EF-32A3-40EC-8440-1913ECC43929}.Release|x86.Build.0 = Release|Any CPU
		{8F74D414-A0F6-443B-AD7B-647E92E9D659}.Debug|Any CPU.ActiveCfg = Debug|Any CPU
		{8F74D414-A0F6-443B-AD7B-647E92E9D659}.Debug|Any CPU.Build.0 = Debug|Any CPU
		{8F74D414-A0F6-443B-AD7B-647E92E9D659}.Debug|x86.ActiveCfg = Debug|Any CPU
		{8F74D414-A0F6-443B-AD7B-647E92E9D659}.Debug|x86.Build.0 = Debug|Any CPU
		{8F74D414-A0F6-443B-AD7B-647E92E9D659}.Release|Any CPU.ActiveCfg = Release|Any CPU
		{8F74D414-A0F6-443B-AD7B-647E92E9D659}.Release|Any CPU.Build.0 = Release|Any CPU
		{8F74D414-A0F6-443B-AD7B-647E92E9D659}.Release|x86.ActiveCfg = Release|Any CPU
		{8F74D414-A0F6-443B-AD7B-647E92E9D659}.Release|x86.Build.0 = Release|Any CPU
		{56C49A25-BA36-4140-95ED-6C7B727CB712}.Debug|Any CPU.ActiveCfg = Debug|Any CPU
		{56C49A25-BA36-4140-95ED-6C7B727CB712}.Debug|Any CPU.Build.0 = Debug|Any CPU
		{56C49A25-BA36-4140-95ED-6C7B727CB712}.Debug|x86.ActiveCfg = Debug|Any CPU
		{56C49A25-BA36-4140-95ED-6C7B727CB712}.Debug|x86.Build.0 = Debug|Any CPU
		{56C49A25-BA36-4140-95ED-6C7B727CB712}.Release|Any CPU.ActiveCfg = Release|Any CPU
		{56C49A25-BA36-4140-95ED-6C7B727CB712}.Release|Any CPU.Build.0 = Release|Any CPU
		{56C49A25-BA36-4140-95ED-6C7B727CB712}.Release|x86.ActiveCfg = Release|Any CPU
		{56C49A25-BA36-4140-95ED-6C7B727CB712}.Release|x86.Build.0 = Release|Any CPU
	EndGlobalSection
	GlobalSection(SolutionProperties) = preSolution
		HideSolutionNode = FALSE
	EndGlobalSection
	GlobalSection(ExtensibilityGlobals) = postSolution
		SolutionGuid = {F1A273F5-09AE-4892-9DD9-56044C51C80E}
	EndGlobalSection
EndGlobal
