
Microsoft Visual Studio Solution File, Format Version 12.00
# Visual Studio Version 16
VisualStudioVersion = 16.0.29519.87
MinimumVisualStudioVersion = 10.0.40219.1
Project("{FAE04EC0-301F-11D3-BF4B-00C04F79EFBC}") = "CSharp8Features", "CSharp8Features\CSharp8Features.csproj", "{47614596-1891-4A6B-A0ED-21B007F09090}"
EndProject
Global
	GlobalSection(SolutionConfigurationPlatforms) = preSolution
		Debug|Any CPU = Debug|Any CPU
		Release|Any CPU = Release|Any CPU
	EndGlobalSection
	GlobalSection(ProjectConfigurationPlatforms) = postSolution
		{47614596-1891-4A6B-A0ED-21B007F09090}.Debug|Any CPU.ActiveCfg = Debug|Any CPU
		{47614596-1891-4A6B-A0ED-21B007F09090}.Debug|Any CPU.Build.0 = Debug|Any CPU
		{47614596-1891-4A6B-A0ED-21B007F09090}.Release|Any CPU.ActiveCfg = Release|Any CPU
		{47614596-1891-4A6B-A0ED-21B007F09090}.Release|Any CPU.Build.0 = Release|Any CPU
	EndGlobalSection
	GlobalSection(SolutionProperties) = preSolution
		HideSolutionNode = FALSE
	EndGlobalSection
	GlobalSection(ExtensibilityGlobals) = postSolution
		SolutionGuid = {FD289639-3D28-42A6-9C36-8CE394C73CFD}
	EndGlobalSection
EndGlobal
