
Microsoft Visual Studio Solution File, Format Version 12.00
# Visual Studio Version 17
VisualStudioVersion = 17.3.32825.248
MinimumVisualStudioVersion = 10.0.40219.1
Project("{9A19103F-16F7-4668-BE54-9A1E7A4F7556}") = "EntityFrameworkExcercises", "EntityFrameworkExcercises.csproj", "{FDDBB2BE-0284-4913-87E5-124459AE5C0E}"
EndProject
Project("{FAE04EC0-301F-11D3-BF4B-00C04F79EFBC}") = "ObjectOrientedSample", "ObjectOrientedSample\ObjectOrientedSample.csproj", "{341C2EB3-2879-47A2-8510-C09F3F0780EB}"
EndProject
Global
	GlobalSection(SolutionConfigurationPlatforms) = preSolution
		Debug|Any CPU = Debug|Any CPU
		Release|Any CPU = Release|Any CPU
	EndGlobalSection
	GlobalSection(ProjectConfigurationPlatforms) = postSolution
		{FDDBB2BE-0284-4913-87E5-124459AE5C0E}.Debug|Any CPU.ActiveCfg = Debug|Any CPU
		{FDDBB2BE-0284-4913-87E5-124459AE5C0E}.Debug|Any CPU.Build.0 = Debug|Any CPU
		{FDDBB2BE-0284-4913-87E5-124459AE5C0E}.Release|Any CPU.ActiveCfg = Release|Any CPU
		{FDDBB2BE-0284-4913-87E5-124459AE5C0E}.Release|Any CPU.Build.0 = Release|Any CPU
		{341C2EB3-2879-47A2-8510-C09F3F0780EB}.Debug|Any CPU.ActiveCfg = Debug|Any CPU
		{341C2EB3-2879-47A2-8510-C09F3F0780EB}.Debug|Any CPU.Build.0 = Debug|Any CPU
		{341C2EB3-2879-47A2-8510-C09F3F0780EB}.Release|Any CPU.ActiveCfg = Release|Any CPU
		{341C2EB3-2879-47A2-8510-C09F3F0780EB}.Release|Any CPU.Build.0 = Release|Any CPU
	EndGlobalSection
	GlobalSection(SolutionProperties) = preSolution
		HideSolutionNode = FALSE
	EndGlobalSection
	GlobalSection(ExtensibilityGlobals) = postSolution
		SolutionGuid = {F82C2270-220A-4118-81AA-4FA1E38DD184}
	EndGlobalSection
EndGlobal
