
Microsoft Visual Studio Solution File, Format Version 12.00
# Visual Studio Version 17
VisualStudioVersion = 17.4.32804.182
MinimumVisualStudioVersion = 10.0.40219.1
Project("{FAE04EC0-301F-11D3-BF4B-00C04F79EFBC}") = "AttributesForNullState", "AttributesForNullState\AttributesForNullState.csproj", "{AD685A77-71DB-4A72-91C1-3D234995B575}"
EndProject
Global
	GlobalSection(SolutionConfigurationPlatforms) = preSolution
		Debug|Any CPU = Debug|Any CPU
		Release|Any CPU = Release|Any CPU
	EndGlobalSection
	GlobalSection(ProjectConfigurationPlatforms) = postSolution
		{AD685A77-71DB-4A72-91C1-3D234995B575}.Debug|Any CPU.ActiveCfg = Debug|Any CPU
		{AD685A77-71DB-4A72-91C1-3D234995B575}.Debug|Any CPU.Build.0 = Debug|Any CPU
		{AD685A77-71DB-4A72-91C1-3D234995B575}.Release|Any CPU.ActiveCfg = Release|Any CPU
		{AD685A77-71DB-4A72-91C1-3D234995B575}.Release|Any CPU.Build.0 = Release|Any CPU
	EndGlobalSection
	GlobalSection(SolutionProperties) = preSolution
		HideSolutionNode = FALSE
	EndGlobalSection
	GlobalSection(ExtensibilityGlobals) = postSolution
		SolutionGuid = {1967B905-63A8-46E6-A358-D4C57674EB53}
	EndGlobalSection
EndGlobal
