
Microsoft Visual Studio Solution File, Format Version 12.00
# Visual Studio 15
VisualStudioVersion = 15.0.28010.2026
MinimumVisualStudioVersion = 10.0.40219.1
Project("{9A19103F-16F7-4668-BE54-9A1E7A4F7556}") = "EfEntityRelationship", "EfEntityRelationship\EfEntityRelationship.csproj", "{FD6D5FF4-86FC-402C-81F0-731808B85445}"
EndProject
Project("{9A19103F-16F7-4668-BE54-9A1E7A4F7556}") = "IsPrarentDeleteChiledDelete", "IsPrarentDeleteChiledDelete\IsPrarentDeleteChiledDelete.csproj", "{9B0C3568-A211-4A33-8340-619055D8D25F}"
EndProject
Project("{FAE04EC0-301F-11D3-BF4B-00C04F79EFBC}") = "UnitTest", "UnitTest\UnitTest.csproj", "{D527A7C9-004D-46A3-BC97-DDC490CB33A4}"
EndProject
Project("{9A19103F-16F7-4668-BE54-9A1E7A4F7556}") = "BestPractices", "BestPractices\BestPractices.csproj", "{1ADE646C-0E7F-42AA-A948-7C90F8FD4433}"
EndProject
Global
	GlobalSection(SolutionConfigurationPlatforms) = preSolution
		Debug|Any CPU = Debug|Any CPU
		Release|Any CPU = Release|Any CPU
	EndGlobalSection
	GlobalSection(ProjectConfigurationPlatforms) = postSolution
		{FD6D5FF4-86FC-402C-81F0-731808B85445}.Debug|Any CPU.ActiveCfg = Debug|Any CPU
		{FD6D5FF4-86FC-402C-81F0-731808B85445}.Debug|Any CPU.Build.0 = Debug|Any CPU
		{FD6D5FF4-86FC-402C-81F0-731808B85445}.Release|Any CPU.ActiveCfg = Release|Any CPU
		{FD6D5FF4-86FC-402C-81F0-731808B85445}.Release|Any CPU.Build.0 = Release|Any CPU
		{9B0C3568-A211-4A33-8340-619055D8D25F}.Debug|Any CPU.ActiveCfg = Debug|Any CPU
		{9B0C3568-A211-4A33-8340-619055D8D25F}.Debug|Any CPU.Build.0 = Debug|Any CPU
		{9B0C3568-A211-4A33-8340-619055D8D25F}.Release|Any CPU.ActiveCfg = Release|Any CPU
		{9B0C3568-A211-4A33-8340-619055D8D25F}.Release|Any CPU.Build.0 = Release|Any CPU
		{D527A7C9-004D-46A3-BC97-DDC490CB33A4}.Debug|Any CPU.ActiveCfg = Debug|Any CPU
		{D527A7C9-004D-46A3-BC97-DDC490CB33A4}.Debug|Any CPU.Build.0 = Debug|Any CPU
		{D527A7C9-004D-46A3-BC97-DDC490CB33A4}.Release|Any CPU.ActiveCfg = Release|Any CPU
		{D527A7C9-004D-46A3-BC97-DDC490CB33A4}.Release|Any CPU.Build.0 = Release|Any CPU
		{1ADE646C-0E7F-42AA-A948-7C90F8FD4433}.Debug|Any CPU.ActiveCfg = Debug|Any CPU
		{1ADE646C-0E7F-42AA-A948-7C90F8FD4433}.Debug|Any CPU.Build.0 = Debug|Any CPU
		{1ADE646C-0E7F-42AA-A948-7C90F8FD4433}.Release|Any CPU.ActiveCfg = Release|Any CPU
		{1ADE646C-0E7F-42AA-A948-7C90F8FD4433}.Release|Any CPU.Build.0 = Release|Any CPU
	EndGlobalSection
	GlobalSection(SolutionProperties) = preSolution
		HideSolutionNode = FALSE
	EndGlobalSection
	GlobalSection(ExtensibilityGlobals) = postSolution
		SolutionGuid = {F3AA27EC-B0EC-4FC4-9F8D-F355807C2AAB}
	EndGlobalSection
EndGlobal
